
Microsoft Visual Studio Solution File, Format Version 12.00
# Visual Studio Version 16
VisualStudioVersion = 16.0.30204.135
MinimumVisualStudioVersion = 10.0.40219.1
Project("{8BC9CEB8-8B4A-11D0-8D11-00A0C91BC942}") = "Fianl", "Fianl.vcxproj", "{5583498C-99D8-4272-95EC-BBE8FE09CDA2}"
EndProject
Global
	GlobalSection(SolutionConfigurationPlatforms) = preSolution
		Debug|x64 = Debug|x64
		Debug|x86 = Debug|x86
		Release|x64 = Release|x64
		Release|x86 = Release|x86
	EndGlobalSection
	GlobalSection(ProjectConfigurationPlatforms) = postSolution
		{5583498C-99D8-4272-95EC-BBE8FE09CDA2}.Debug|x64.ActiveCfg = Debug|x64
		{5583498C-99D8-4272-95EC-BBE8FE09CDA2}.Debug|x64.Build.0 = Debug|x64
		{5583498C-99D8-4272-95EC-BBE8FE09CDA2}.Debug|x86.ActiveCfg = Debug|Win32
		{5583498C-99D8-4272-95EC-BBE8FE09CDA2}.Debug|x86.Build.0 = Debug|Win32
		{5583498C-99D8-4272-95EC-BBE8FE09CDA2}.Release|x64.ActiveCfg = Release|x64
		{5583498C-99D8-4272-95EC-BBE8FE09CDA2}.Release|x64.Build.0 = Release|x64
		{5583498C-99D8-4272-95EC-BBE8FE09CDA2}.Release|x86.ActiveCfg = Release|Win32
		{5583498C-99D8-4272-95EC-BBE8FE09CDA2}.Release|x86.Build.0 = Release|Win32
	EndGlobalSection
	GlobalSection(SolutionProperties) = preSolution
		HideSolutionNode = FALSE
	EndGlobalSection
	GlobalSection(ExtensibilityGlobals) = postSolution
		SolutionGuid = {29383EFE-969B-4ED2-A28F-8A5C845A61E7}
	EndGlobalSection
EndGlobal
